{
	"name": "@hippy/react-web",
	"version": "2.5.1",
	"lockfileVersion": 1,
	"requires": true,
	"dependencies": {
		"@types/core-js": {
			"version": "2.5.3",
			"resolved": "https://registry.npmjs.org/@types/core-js/-/core-js-2.5.3.tgz",
			"integrity": "sha512-F9RHpjuPSit4dCCRXgi7XcqA01DAjy9QY+v9yICoxXsjXD9cgQpyZyL2eSZnTkBGXGaQnea8waZOZTogLDB+rA=="
		},
		"@types/debounce": {
			"version": "1.2.0",
			"resolved": "https://registry.npmjs.org/@types/debounce/-/debounce-1.2.0.tgz",
			"integrity": "sha512-bWG5wapaWgbss9E238T0R6bfo5Fh3OkeoSt245CM7JJwVwpw6MEBCbIxLq5z8KzsE3uJhzcIuQkyiZmzV3M/Dw==",
			"dev": true
		},
		"@types/prop-types": {
			"version": "15.7.3",
			"resolved": "https://registry.npmjs.org/@types/prop-types/-/prop-types-15.7.3.tgz",
			"integrity": "sha512-KfRL3PuHmqQLOG+2tGpRO26Ctg+Cq1E01D2DMriKEATHgWLfeNDmq9e29Q9WIky0dQ3NPkd1mzYH8Lm936Z9qw==",
			"dev": true
		},
		"@types/react": {
			"version": "16.9.17",
			"resolved": "https://registry.npmjs.org/@types/react/-/react-16.9.17.tgz",
			"integrity": "sha512-UP27In4fp4sWF5JgyV6pwVPAQM83Fj76JOcg02X5BZcpSu5Wx+fP9RMqc2v0ssBoQIFvD5JdKY41gjJJKmw6Bg==",
			"dev": true,
			"requires": {
				"@types/prop-types": "*",
				"csstype": "^2.2.0"
			}
		},
		"@types/react-dom": {
			"version": "16.9.4",
			"resolved": "https://registry.npmjs.org/@types/react-dom/-/react-dom-16.9.4.tgz",
			"integrity": "sha512-fya9xteU/n90tda0s+FtN5Ym4tbgxpq/hb/Af24dvs6uYnYn+fspaxw5USlw0R8apDNwxsqumdRoCoKitckQqw==",
			"dev": true,
			"requires": {
				"@types/react": "*"
			}
		},
		"@types/swiper": {
			"version": "4.4.9",
			"resolved": "https://registry.npmjs.org/@types/swiper/-/swiper-4.4.9.tgz",
			"integrity": "sha512-pPbbQd2TcBnfGl+eYCwWfvIEKBPaOqSPajfCWaRbsWX5a2nW9YrHhruhlLp5ELBtrl/B0GGZlbHyTUkDeST0uA==",
			"dev": true
		},
		"asap": {
			"version": "2.0.6",
			"resolved": "https://registry.npmjs.org/asap/-/asap-2.0.6.tgz",
			"integrity": "sha1-5QNHYR1+aQlDIIu9r+vLwvuGbUY="
		},
		"babel-runtime": {
			"version": "6.26.0",
			"resolved": "https://registry.npmjs.org/babel-runtime/-/babel-runtime-6.26.0.tgz",
			"integrity": "sha1-llxwWGaOgrVde/4E/yM3vItWR/4=",
			"requires": {
				"core-js": "^2.4.0",
				"regenerator-runtime": "^0.11.0"
			}
		},
		"bezier-easing": {
			"version": "2.1.0",
			"resolved": "https://registry.npmjs.org/bezier-easing/-/bezier-easing-2.1.0.tgz",
			"integrity": "sha1-wE3+i5JtbsrKGBPWn/F5t8ICXYY="
		},
		"classnames": {
			"version": "2.2.6",
			"resolved": "https://registry.npmjs.org/classnames/-/classnames-2.2.6.tgz",
			"integrity": "sha512-JR/iSQOSt+LQIWwrwEzJ9uk0xfN3mTVYMwt1Ir5mUcSN6pU+V4zQFFaJsclJbPuAUQH+yfWef6tm7l1quW3C8Q=="
		},
		"core-js": {
			"version": "2.6.11",
			"resolved": "https://registry.npmjs.org/core-js/-/core-js-2.6.11.tgz",
			"integrity": "sha512-5wjnpaT/3dV+XB4borEsnAYQchn00XSgTAWKDkEqv+K8KevjbzmofK6hfJ9TZIlpj2N0xQpazy7PiRQiWHqzWg=="
		},
		"csstype": {
			"version": "2.6.8",
			"resolved": "https://registry.npmjs.org/csstype/-/csstype-2.6.8.tgz",
			"integrity": "sha512-msVS9qTuMT5zwAGCVm4mxfrZ18BNc6Csd0oJAtiFMZ1FAx1CCvy2+5MDmYoix63LM/6NDbNtodCiGYGmFgO0dA==",
			"dev": true
		},
		"debounce": {
			"version": "1.2.0",
			"resolved": "https://registry.npmjs.org/debounce/-/debounce-1.2.0.tgz",
			"integrity": "sha512-mYtLl1xfZLi1m4RtQYlZgJUNQjl4ZxVnHzIR8nLLgi4q1YT8o/WM+MK/f8yfcc9s5Ir5zRaPZyZU6xs1Syoocg=="
		},
		"dom7": {
			"version": "2.1.3",
			"resolved": "https://registry.npmjs.org/dom7/-/dom7-2.1.3.tgz",
			"integrity": "sha512-QTxHHDox+M6ZFz1zHPAHZKI3JOHY5iY4i9BK2uctlggxKQwRhO3q3HHFq1BKsT25Bm/ySSj70K6Wk/G4bs9rMQ==",
			"requires": {
				"ssr-window": "^1.0.1"
			}
		},
		"encoding": {
			"version": "0.1.12",
			"resolved": "https://registry.npmjs.org/encoding/-/encoding-0.1.12.tgz",
			"integrity": "sha1-U4tm8+5izRq1HsMjgp0flIDHS+s=",
			"requires": {
				"iconv-lite": "~0.4.13"
			}
		},
		"fbjs": {
			"version": "0.8.17",
			"resolved": "https://registry.npmjs.org/fbjs/-/fbjs-0.8.17.tgz",
			"integrity": "sha1-xNWY6taUkRJlPWWIsBpc3Nn5D90=",
			"requires": {
				"core-js": "^1.0.0",
				"isomorphic-fetch": "^2.1.1",
				"loose-envify": "^1.0.0",
				"object-assign": "^4.1.0",
				"promise": "^7.1.1",
				"setimmediate": "^1.0.5",
				"ua-parser-js": "^0.7.18"
			},
			"dependencies": {
				"core-js": {
					"version": "1.2.7",
					"resolved": "https://registry.npmjs.org/core-js/-/core-js-1.2.7.tgz",
					"integrity": "sha1-ZSKUwUZR2yj6k70tX/KYOk8IxjY="
				}
			}
		},
		"iconv-lite": {
			"version": "0.4.24",
			"resolved": "https://registry.npmjs.org/iconv-lite/-/iconv-lite-0.4.24.tgz",
			"integrity": "sha512-v3MXnZAcvnywkTUEZomIActle7RXXeedOR31wwl7VlyoXO4Qi9arvSenNQWne1TcRwhCL1HwLI21bEqdpj8/rA==",
			"requires": {
				"safer-buffer": ">= 2.1.2 < 3"
			}
		},
		"is-stream": {
			"version": "1.1.0",
			"resolved": "https://registry.npmjs.org/is-stream/-/is-stream-1.1.0.tgz",
			"integrity": "sha1-EtSj3U5o4Lec6428hBc66A2RykQ="
		},
		"isomorphic-fetch": {
			"version": "2.2.1",
			"resolved": "https://registry.npmjs.org/isomorphic-fetch/-/isomorphic-fetch-2.2.1.tgz",
			"integrity": "sha1-YRrhrPFPXoH3KVB0coGf6XM1WKk=",
			"requires": {
				"node-fetch": "^1.0.1",
				"whatwg-fetch": ">=0.10.0"
			}
		},
		"js-tokens": {
			"version": "4.0.0",
			"resolved": "https://registry.npmjs.org/js-tokens/-/js-tokens-4.0.0.tgz",
			"integrity": "sha512-RdJUflcE3cUzKiMqQgsCu06FPu9UdIJO0beYbPhHN4k6apgJtifcoCtT9bcxOpYBtpD2kCM6Sbzg4CausW/PKQ=="
		},
		"loose-envify": {
			"version": "1.4.0",
			"resolved": "https://registry.npmjs.org/loose-envify/-/loose-envify-1.4.0.tgz",
			"integrity": "sha512-lyuxPGr/Wfhrlem2CL/UcnUc1zcqKAImBDzukY7Y5F/yQiNdko6+fRLevlw1HgMySw7f611UIY408EtxRSoK3Q==",
			"requires": {
				"js-tokens": "^3.0.0 || ^4.0.0"
			}
		},
		"node-fetch": {
			"version": "1.7.3",
			"resolved": "https://registry.npmjs.org/node-fetch/-/node-fetch-1.7.3.tgz",
			"integrity": "sha512-NhZ4CsKx7cYm2vSrBAr2PvFOe6sWDf0UYLRqA6svUYg7+/TSfVAu49jYC4BvQ4Sms9SZgdqGBgroqfDhJdTyKQ==",
			"requires": {
				"encoding": "^0.1.11",
				"is-stream": "^1.0.1"
			}
		},
		"object-assign": {
			"version": "4.1.1",
			"resolved": "https://registry.npmjs.org/object-assign/-/object-assign-4.1.1.tgz",
			"integrity": "sha1-IQmtx5ZYh8/AXLvUQsrIv7s2CGM="
		},
		"promise": {
			"version": "7.3.1",
			"resolved": "https://registry.npmjs.org/promise/-/promise-7.3.1.tgz",
			"integrity": "sha512-nolQXZ/4L+bP/UGlkfaIujX9BKxGwmQ9OT4mOt5yvy8iK1h3wqTEJCijzGANTCCl9nWjY41juyAn2K3Q1hLLTg==",
			"requires": {
				"asap": "~2.0.3"
			}
		},
		"prop-types": {
			"version": "15.7.2",
			"resolved": "https://registry.npmjs.org/prop-types/-/prop-types-15.7.2.tgz",
			"integrity": "sha512-8QQikdH7//R2vurIJSutZ1smHYTcLpRWEOlHnzcWHmBYrOGUysKwSsrC89BCiFj3CbrfJ/nXFdJepOVrY1GCHQ==",
			"requires": {
				"loose-envify": "^1.4.0",
				"object-assign": "^4.1.1",
				"react-is": "^16.8.1"
			}
		},
		"react": {
			"version": "16.12.0",
			"resolved": "https://registry.npmjs.org/react/-/react-16.12.0.tgz",
			"integrity": "sha512-fglqy3k5E+81pA8s+7K0/T3DBCF0ZDOher1elBFzF7O6arXJgzyu/FW+COxFvAWXJoJN9KIZbT2LXlukwphYTA==",
			"requires": {
				"loose-envify": "^1.1.0",
				"object-assign": "^4.1.1",
				"prop-types": "^15.6.2"
			}
		},
		"react-dom": {
			"version": "16.12.0",
			"resolved": "https://registry.npmjs.org/react-dom/-/react-dom-16.12.0.tgz",
			"integrity": "sha512-LMxFfAGrcS3kETtQaCkTKjMiifahaMySFDn71fZUNpPHZQEzmk/GiAeIT8JSOrHB23fnuCOMruL2a8NYlw+8Gw==",
			"requires": {
				"loose-envify": "^1.1.0",
				"object-assign": "^4.1.1",
				"prop-types": "^15.6.2",
				"scheduler": "^0.18.0"
			}
		},
		"react-is": {
			"version": "16.12.0",
			"resolved": "https://registry.npmjs.org/react-is/-/react-is-16.12.0.tgz",
			"integrity": "sha512-rPCkf/mWBtKc97aLL9/txD8DZdemK0vkA3JMLShjlJB3Pj3s+lpf1KaBzMfQrAmhMQB0n1cU/SUGgKKBCe837Q=="
		},
		"regenerator-runtime": {
			"version": "0.11.1",
			"resolved": "https://registry.npmjs.org/regenerator-runtime/-/regenerator-runtime-0.11.1.tgz",
			"integrity": "sha512-MguG95oij0fC3QV3URf4V2SDYGJhJnJGqvIIgdECeODCT98wSWDAJ94SSuVpYQUoTcGUIL6L4yNB7j1DFFHSBg=="
		},
		"rmc-list-view": {
			"version": "0.11.5",
			"resolved": "https://registry.npmjs.org/rmc-list-view/-/rmc-list-view-0.11.5.tgz",
			"integrity": "sha512-eMOC5394tLNawcdEEhF7boMpQgpjJGDdL5lS+LblAWdBec7Q4EYkUdnrKNbt+O9k5RGM6nSLAGZK5oB4FN85Lg==",
			"requires": {
				"babel-runtime": "6.x",
				"classnames": "^2.2.5",
				"fbjs": "^0.8.3",
				"prop-types": "^15.5.8",
				"warning": "^3.0.0",
				"zscroller": "~0.4.0"
			}
		},
		"safer-buffer": {
			"version": "2.1.2",
			"resolved": "https://registry.npmjs.org/safer-buffer/-/safer-buffer-2.1.2.tgz",
			"integrity": "sha512-YZo3K82SD7Riyi0E1EQPojLz7kpepnSQI9IyPbHHg1XXXevb5dJI7tpyN2ADxGcQbHG7vcyRHk0cbwqcQriUtg=="
		},
		"scheduler": {
			"version": "0.18.0",
			"resolved": "https://registry.npmjs.org/scheduler/-/scheduler-0.18.0.tgz",
			"integrity": "sha512-agTSHR1Nbfi6ulI0kYNK0203joW2Y5W4po4l+v03tOoiJKpTBbxpNhWDvqc/4IcOw+KLmSiQLTasZ4cab2/UWQ==",
			"requires": {
				"loose-envify": "^1.1.0",
				"object-assign": "^4.1.1"
			}
		},
		"setimmediate": {
			"version": "1.0.5",
			"resolved": "https://registry.npmjs.org/setimmediate/-/setimmediate-1.0.5.tgz",
			"integrity": "sha1-KQy7Iy4waULX1+qbg3Mqt4VvgoU="
		},
		"ssr-window": {
			"version": "1.0.1",
			"resolved": "https://registry.npmjs.org/ssr-window/-/ssr-window-1.0.1.tgz",
			"integrity": "sha512-dgFqB+f00LJTEgb6UXhx0h+SrG50LJvti2yMKMqAgzfUmUXZrLSv2fjULF7AWGwK25EXu8+smLR3jYsJQChPsg=="
		},
		"swiper": {
			"version": "4.5.1",
			"resolved": "https://registry.npmjs.org/swiper/-/swiper-4.5.1.tgz",
			"integrity": "sha512-se6I7PWWu950NAMXXT+ENtF/6SVb8mPyO+bTfNxbQBILSeLqsYp3Ndap+YOA0EczOIUlea274PKejT6gKZDseA==",
			"requires": {
				"dom7": "^2.1.3",
				"ssr-window": "^1.0.1"
			}
		},
		"ua-parser-js": {
			"version": "0.7.21",
			"resolved": "https://registry.npmjs.org/ua-parser-js/-/ua-parser-js-0.7.21.tgz",
			"integrity": "sha512-+O8/qh/Qj8CgC6eYBVBykMrNtp5Gebn4dlGD/kKXVkJNDwyrAwSIqwz8CDf+tsAIWVycKcku6gIXJ0qwx/ZXaQ=="
		},
		"warning": {
			"version": "3.0.0",
			"resolved": "https://registry.npmjs.org/warning/-/warning-3.0.0.tgz",
			"integrity": "sha1-MuU3fLVy3kqwR1O9+IIcAe1gW3w=",
			"requires": {
				"loose-envify": "^1.0.0"
			}
		},
		"whatwg-fetch": {
			"version": "3.0.0",
			"resolved": "https://registry.npmjs.org/whatwg-fetch/-/whatwg-fetch-3.0.0.tgz",
			"integrity": "sha512-9GSJUgz1D4MfyKU7KRqwOjXCXTqWdFNvEr7eUBYchQiVc744mqK/MzXPNR2WsPkmkOa4ywfg8C2n8h+13Bey1Q=="
		},
		"zscroller": {
			"version": "0.4.8",
			"resolved": "https://registry.npmjs.org/zscroller/-/zscroller-0.4.8.tgz",
			"integrity": "sha512-G5NiNLKx2+QhhvZi2yV1jjVXY50otktxkseX2hG2N/eixohOUk0AY8ZpbAxNqS9oJS/NxItCsowupy2tsXxAMw==",
			"requires": {
				"babel-runtime": "6.x"
			}
		}
	}
}
