{
  "name": "@hippy/web-renderer",
  "version": "0.0.1",
  "lockfileVersion": 2,
  "requires": true,
  "packages": {
    "": {
      "name": "@hippy/web-renderer",
      "version": "0.0.1",
      "license": "Apache-2.0",
      "dependencies": {
        "@types/hammerjs": "^2.0.41",
        "hammerjs": "^2.0.8",
        "morphdom": "^2.3.1",
        "resize-observer-polyfill": "^1.5.1",
        "whatwg-fetch": "^3.6.2"
      }
    },
    "node_modules/@types/hammerjs": {
      "version": "2.0.41",
      "resolved": "https://mirrors.tencent.com/npm/@types%2fhammerjs/-/hammerjs-2.0.41.tgz",
      "integrity": "sha512-ewXv/ceBaJprikMcxCmWU1FKyMAQ2X7a9Gtmzw8fcg2kIePI1crERDM818W+XYrxqdBBOdlf2rm137bU+BltCA==",
      "license": "MIT"
    },
    "node_modules/hammerjs": {
      "version": "2.0.8",
      "resolved": "https://mirrors.tencent.com/npm/hammerjs/-/hammerjs-2.0.8.tgz",
      "integrity": "sha1-BO93hiz/K7edMPdpIJWTAiK/YPE=",
      "license": "MIT",
      "engines": {
        "node": ">=0.8.0"
      }
    },
    "node_modules/morphdom": {
      "version": "2.6.1",
      "resolved": "https://mirrors.tencent.com/npm/morphdom/-/morphdom-2.6.1.tgz",
      "integrity": "sha512-Y8YRbAEP3eKykroIBWrjcfMw7mmwJfjhqdpSvoqinu8Y702nAwikpXcNFDiIkyvfCLxLM9Wu95RZqo4a9jFBaA==",
      "license": "MIT"
    },
    "node_modules/resize-observer-polyfill": {
      "version": "1.5.1",
      "resolved": "https://mirrors.tencent.com/npm/resize-observer-polyfill/-/resize-observer-polyfill-1.5.1.tgz",
      "integrity": "sha512-LwZrotdHOo12nQuZlHEmtuXdqGoOD0OhaxopaNFxWzInpEgaLWoVuAMbTzixuosCx2nEG58ngzW3vxdWoxIgdg==",
      "license": "MIT"
    },
    "node_modules/whatwg-fetch": {
      "version": "3.6.2",
      "resolved": "https://mirrors.tencent.com/npm/whatwg-fetch/-/whatwg-fetch-3.6.2.tgz",
      "integrity": "sha512-bJlen0FcuU/0EMLrdbJ7zOnW6ITZLrZMIarMUVmdKtsGvZna8vxKYaexICWPfZ8qwf9fzNq+UEIZrnSaApt6RA==",
      "license": "MIT"
    }
  },
  "dependencies": {
    "@types/hammerjs": {
      "version": "2.0.41",
      "resolved": "https://mirrors.tencent.com/npm/@types%2fhammerjs/-/hammerjs-2.0.41.tgz",
      "integrity": "sha512-ewXv/ceBaJprikMcxCmWU1FKyMAQ2X7a9Gtmzw8fcg2kIePI1crERDM818W+XYrxqdBBOdlf2rm137bU+BltCA=="
    },
    "hammerjs": {
      "version": "2.0.8",
      "resolved": "https://mirrors.tencent.com/npm/hammerjs/-/hammerjs-2.0.8.tgz",
      "integrity": "sha1-BO93hiz/K7edMPdpIJWTAiK/YPE="
    },
    "morphdom": {
      "version": "2.6.1",
      "resolved": "https://mirrors.tencent.com/npm/morphdom/-/morphdom-2.6.1.tgz",
      "integrity": "sha512-Y8YRbAEP3eKykroIBWrjcfMw7mmwJfjhqdpSvoqinu8Y702nAwikpXcNFDiIkyvfCLxLM9Wu95RZqo4a9jFBaA=="
    },
    "resize-observer-polyfill": {
      "version": "1.5.1",
      "resolved": "https://mirrors.tencent.com/npm/resize-observer-polyfill/-/resize-observer-polyfill-1.5.1.tgz",
      "integrity": "sha512-LwZrotdHOo12nQuZlHEmtuXdqGoOD0OhaxopaNFxWzInpEgaLWoVuAMbTzixuosCx2nEG58ngzW3vxdWoxIgdg=="
    },
    "whatwg-fetch": {
      "version": "3.6.2",
      "resolved": "https://mirrors.tencent.com/npm/whatwg-fetch/-/whatwg-fetch-3.6.2.tgz",
      "integrity": "sha512-bJlen0FcuU/0EMLrdbJ7zOnW6ITZLrZMIarMUVmdKtsGvZna8vxKYaexICWPfZ8qwf9fzNq+UEIZrnSaApt6RA=="
    }
  }
}
